
Microsoft Visual Studio Solution File, Format Version 12.00
# Visual Studio Version 17
VisualStudioVersion = 17.0.31912.275
MinimumVisualStudioVersion = 10.0.40219.1
Project("{2150E333-8FDC-42A3-9474-1A3956D46DE8}") = "Lambdas", "Lambdas", "{EFAC3FE1-B010-4BA7-BB86-ED942D8C6E5D}"
EndProject
Project("{9A19103F-16F7-4668-BE54-9A1E7A4F7556}") = "SimpleConsoleNet6", "SimpleConsoleNet6\SimpleConsoleNet6.csproj", "{04F15A38-368F-4A42-9312-7B31648C99A4}"
EndProject
Global
	GlobalSection(SolutionConfigurationPlatforms) = preSolution
		Debug|Any CPU = Debug|Any CPU
		Release|Any CPU = Release|Any CPU
	EndGlobalSection
	GlobalSection(ProjectConfigurationPlatforms) = postSolution
		{04F15A38-368F-4A42-9312-7B31648C99A4}.Debug|Any CPU.ActiveCfg = Debug|Any CPU
		{04F15A38-368F-4A42-9312-7B31648C99A4}.Debug|Any CPU.Build.0 = Debug|Any CPU
		{04F15A38-368F-4A42-9312-7B31648C99A4}.Release|Any CPU.ActiveCfg = Release|Any CPU
		{04F15A38-368F-4A42-9312-7B31648C99A4}.Release|Any CPU.Build.0 = Release|Any CPU
	EndGlobalSection
	GlobalSection(SolutionProperties) = preSolution
		HideSolutionNode = FALSE
	EndGlobalSection
	GlobalSection(ExtensibilityGlobals) = postSolution
		SolutionGuid = {CE8493F4-94A9-44CF-8B57-1F9277860932}
	EndGlobalSection
EndGlobal
