
Microsoft Visual Studio Solution File, Format Version 12.00
# Visual Studio Version 17
VisualStudioVersion = 17.0.31912.275
MinimumVisualStudioVersion = 10.0.40219.1
Project("{2150E333-8FDC-42A3-9474-1A3956D46DE8}") = "JsonStreaming", "JsonStreaming", "{70243610-3D12-4B4B-919C-B18D50D45E0B}"
EndProject
Project("{FAE04EC0-301F-11D3-BF4B-00C04F79EFBC}") = "SimpleApi6", "SimpleApi6\SimpleApi6.csproj", "{95ACB6DD-9ACB-4D6A-88CD-37B635ECC978}"
EndProject
Project("{FAE04EC0-301F-11D3-BF4B-00C04F79EFBC}") = "SimpleApi5", "SimpleApi5\SimpleApi5.csproj", "{F63D6BE4-0679-482C-821D-F31DB9F1D0EA}"
EndProject
Global
	GlobalSection(SolutionConfigurationPlatforms) = preSolution
		Debug|Any CPU = Debug|Any CPU
		Release|Any CPU = Release|Any CPU
	EndGlobalSection
	GlobalSection(ProjectConfigurationPlatforms) = postSolution
		{95ACB6DD-9ACB-4D6A-88CD-37B635ECC978}.Debug|Any CPU.ActiveCfg = Debug|Any CPU
		{95ACB6DD-9ACB-4D6A-88CD-37B635ECC978}.Debug|Any CPU.Build.0 = Debug|Any CPU
		{95ACB6DD-9ACB-4D6A-88CD-37B635ECC978}.Release|Any CPU.ActiveCfg = Release|Any CPU
		{95ACB6DD-9ACB-4D6A-88CD-37B635ECC978}.Release|Any CPU.Build.0 = Release|Any CPU
		{F63D6BE4-0679-482C-821D-F31DB9F1D0EA}.Debug|Any CPU.ActiveCfg = Debug|Any CPU
		{F63D6BE4-0679-482C-821D-F31DB9F1D0EA}.Debug|Any CPU.Build.0 = Debug|Any CPU
		{F63D6BE4-0679-482C-821D-F31DB9F1D0EA}.Release|Any CPU.ActiveCfg = Release|Any CPU
		{F63D6BE4-0679-482C-821D-F31DB9F1D0EA}.Release|Any CPU.Build.0 = Release|Any CPU
	EndGlobalSection
	GlobalSection(SolutionProperties) = preSolution
		HideSolutionNode = FALSE
	EndGlobalSection
	GlobalSection(ExtensibilityGlobals) = postSolution
		SolutionGuid = {CE8493F4-94A9-44CF-8B57-1F9277860932}
	EndGlobalSection
EndGlobal
