
Microsoft Visual Studio Solution File, Format Version 12.00
# Visual Studio Version 17
VisualStudioVersion = 17.0.31912.275
MinimumVisualStudioVersion = 10.0.40219.1
Project("{2150E333-8FDC-42A3-9474-1A3956D46DE8}") = "DateOnly", "DateOnly", "{32E43A8F-1EC6-4D68-8F5E-B2D82AC3428D}"
EndProject
Project("{FAE04EC0-301F-11D3-BF4B-00C04F79EFBC}") = "SimpleConsole", "SimpleConsole\SimpleConsole.csproj", "{8555E214-0170-4D97-9961-8A3329FBA793}"
EndProject
Global
	GlobalSection(SolutionConfigurationPlatforms) = preSolution
		Debug|Any CPU = Debug|Any CPU
		Release|Any CPU = Release|Any CPU
	EndGlobalSection
	GlobalSection(ProjectConfigurationPlatforms) = postSolution
		{8555E214-0170-4D97-9961-8A3329FBA793}.Debug|Any CPU.ActiveCfg = Debug|Any CPU
		{8555E214-0170-4D97-9961-8A3329FBA793}.Debug|Any CPU.Build.0 = Debug|Any CPU
		{8555E214-0170-4D97-9961-8A3329FBA793}.Release|Any CPU.ActiveCfg = Release|Any CPU
		{8555E214-0170-4D97-9961-8A3329FBA793}.Release|Any CPU.Build.0 = Release|Any CPU
	EndGlobalSection
	GlobalSection(SolutionProperties) = preSolution
		HideSolutionNode = FALSE
	EndGlobalSection
	GlobalSection(ExtensibilityGlobals) = postSolution
		SolutionGuid = {CE8493F4-94A9-44CF-8B57-1F9277860932}
	EndGlobalSection
EndGlobal
